
Microsoft Visual Studio Solution File, Format Version 12.00
# Visual Studio Version 17
VisualStudioVersion = 17.11.35222.181
MinimumVisualStudioVersion = 10.0.40219.1
Project("{FAE04EC0-301F-11D3-BF4B-00C04F79EFBC}") = "TodoApi", "TodoApi\TodoApi.csproj", "{CCB68B37-C7F9-46B4-B99E-0B5D23A616DB}"
EndProject
Global
	GlobalSection(SolutionConfigurationPlatforms) = preSolution
		Debug|Any CPU = Debug|Any CPU
		Release|Any CPU = Release|Any CPU
	EndGlobalSection
	GlobalSection(ProjectConfigurationPlatforms) = postSolution
		{CCB68B37-C7F9-46B4-B99E-0B5D23A616DB}.Debug|Any CPU.ActiveCfg = Debug|Any CPU
		{CCB68B37-C7F9-46B4-B99E-0B5D23A616DB}.Debug|Any CPU.Build.0 = Debug|Any CPU
		{CCB68B37-C7F9-46B4-B99E-0B5D23A616DB}.Release|Any CPU.ActiveCfg = Release|Any CPU
		{CCB68B37-C7F9-46B4-B99E-0B5D23A616DB}.Release|Any CPU.Build.0 = Release|Any CPU
	EndGlobalSection
	GlobalSection(SolutionProperties) = preSolution
		HideSolutionNode = FALSE
	EndGlobalSection
	GlobalSection(ExtensibilityGlobals) = postSolution
		SolutionGuid = {0F46474E-D239-4201-9A79-6E1752EA72AE}
	EndGlobalSection
EndGlobal
